
Microsoft Visual Studio Solution File, Format Version 12.00
# Visual Studio 14
VisualStudioVersion = 14.0.24720.0
MinimumVisualStudioVersion = 10.0.40219.1
Project("{FAE04EC0-301F-11D3-BF4B-00C04F79EFBC}") = "Handsey.Practices.ViewModelBuilding", "Handsey.Practices.ViewModelBuilding\Handsey.Practices.ViewModelBuilding.csproj", "{97DCDD4A-E038-47EA-8BFD-94AA0D0BDCA4}"
EndProject
Project("{FAE04EC0-301F-11D3-BF4B-00C04F79EFBC}") = "Handsey.Practices.ViewModelBuilding.Test", "..\Handsey.Practices.ViewModelBuilding.Test\Handsey.Practices.ViewModelBuilding.Test.csproj", "{0394C2B9-1205-465A-BFB3-8B4192A820FA}"
EndProject
Global
	GlobalSection(SolutionConfigurationPlatforms) = preSolution
		Debug|Any CPU = Debug|Any CPU
		Release|Any CPU = Release|Any CPU
	EndGlobalSection
	GlobalSection(ProjectConfigurationPlatforms) = postSolution
		{97DCDD4A-E038-47EA-8BFD-94AA0D0BDCA4}.Debug|Any CPU.ActiveCfg = Debug|Any CPU
		{97DCDD4A-E038-47EA-8BFD-94AA0D0BDCA4}.Debug|Any CPU.Build.0 = Debug|Any CPU
		{97DCDD4A-E038-47EA-8BFD-94AA0D0BDCA4}.Release|Any CPU.ActiveCfg = Release|Any CPU
		{97DCDD4A-E038-47EA-8BFD-94AA0D0BDCA4}.Release|Any CPU.Build.0 = Release|Any CPU
		{0394C2B9-1205-465A-BFB3-8B4192A820FA}.Debug|Any CPU.ActiveCfg = Debug|Any CPU
		{0394C2B9-1205-465A-BFB3-8B4192A820FA}.Debug|Any CPU.Build.0 = Debug|Any CPU
		{0394C2B9-1205-465A-BFB3-8B4192A820FA}.Release|Any CPU.ActiveCfg = Release|Any CPU
		{0394C2B9-1205-465A-BFB3-8B4192A820FA}.Release|Any CPU.Build.0 = Release|Any CPU
	EndGlobalSection
	GlobalSection(SolutionProperties) = preSolution
		HideSolutionNode = FALSE
	EndGlobalSection
EndGlobal
